
Microsoft Visual Studio Solution File, Format Version 12.00
# Visual Studio Version 17
VisualStudioVersion = 17.8.34330.188
MinimumVisualStudioVersion = 10.0.40219.1
Project("{FAE04EC0-301F-11D3-BF4B-00C04F79EFBC}") = "Schat", "Schat\Schat.csproj", "{78908991-0748-4FEF-BA5A-3171FD04A3F0}"
EndProject
Global
	GlobalSection(SolutionConfigurationPlatforms) = preSolution
		Debug|Any CPU = Debug|Any CPU
		Release|Any CPU = Release|Any CPU
	EndGlobalSection
	GlobalSection(ProjectConfigurationPlatforms) = postSolution
		{78908991-0748-4FEF-BA5A-3171FD04A3F0}.Debug|Any CPU.ActiveCfg = Debug|Any CPU
		{78908991-0748-4FEF-BA5A-3171FD04A3F0}.Debug|Any CPU.Build.0 = Debug|Any CPU
		{78908991-0748-4FEF-BA5A-3171FD04A3F0}.Release|Any CPU.ActiveCfg = Release|Any CPU
		{78908991-0748-4FEF-BA5A-3171FD04A3F0}.Release|Any CPU.Build.0 = Release|Any CPU
	EndGlobalSection
	GlobalSection(SolutionProperties) = preSolution
		HideSolutionNode = FALSE
	EndGlobalSection
	GlobalSection(ExtensibilityGlobals) = postSolution
		SolutionGuid = {DB679147-C4EE-41B7-8D43-569C2176C5CE}
	EndGlobalSection
EndGlobal
